// !$*UTF8*$!
{
	archiveVersion = 1;
	classes = {
	};
	objectVersion = 46;
	objects = {

/* Begin PBXBuildFile section */
		85743D5E1A26F79D0011A60F /* InTaskViewController.m in Sources */ = {isa = PBXBuildFile; fileRef = 85743D5D1A26F79D0011A60F /* InTaskViewController.m */; };
		857E28B11A3502EA00CA88FB /* Images.xcassets in Resources */ = {isa = PBXBuildFile; fileRef = 857E28B01A3502EA00CA88FB /* Images.xcassets */; };
		85D0313C1A210A7A005F5D43 /* main.m in Sources */ = {isa = PBXBuildFile; fileRef = 85D0313B1A210A7A005F5D43 /* main.m */; };
		85D0313F1A210A7A005F5D43 /* AppDelegate.m in Sources */ = {isa = PBXBuildFile; fileRef = 85D0313E1A210A7A005F5D43 /* AppDelegate.m */; };
		85D031421A210A7A005F5D43 /* MasterViewController.m in Sources */ = {isa = PBXBuildFile; fileRef = 85D031411A210A7A005F5D43 /* MasterViewController.m */; };
		85D031451A210A7A005F5D43 /* DetailViewController.m in Sources */ = {isa = PBXBuildFile; fileRef = 85D031441A210A7A005F5D43 /* DetailViewController.m */; };
		85D031481A210A7A005F5D43 /* Main.storyboard in Resources */ = {isa = PBXBuildFile; fileRef = 85D031461A210A7A005F5D43 /* Main.storyboard */; };
		85D0314D1A210A7A005F5D43 /* LaunchScreen.xib in Resources */ = {isa = PBXBuildFile; fileRef = 85D0314B1A210A7A005F5D43 /* LaunchScreen.xib */; };
		85D031591A210A7A005F5D43 /* MegaGTDTests.m in Sources */ = {isa = PBXBuildFile; fileRef = 85D031581A210A7A005F5D43 /* MegaGTDTests.m */; };
		85FE05CD1A30B66800BFC79B /* Task.xcdatamodeld in Sources */ = {isa = PBXBuildFile; fileRef = 85FE05CB1A30B66800BFC79B /* Task.xcdatamodeld */; };
		85FE05D01A30B79F00BFC79B /* Task.m in Sources */ = {isa = PBXBuildFile; fileRef = 85FE05CF1A30B79F00BFC79B /* Task.m */; };
/* End PBXBuildFile section */

/* Begin PBXContainerItemProxy section */
		85D031531A210A7A005F5D43 /* PBXContainerItemProxy */ = {
			isa = PBXContainerItemProxy;
			containerPortal = 85D0312E1A210A79005F5D43 /* Project object */;
			proxyType = 1;
			remoteGlobalIDString = 85D031351A210A79005F5D43;
			remoteInfo = MegaGTD;
		};
/* End PBXContainerItemProxy section */

/* Begin PBXFileReference section */
		85743D5C1A26F79D0011A60F /* InTaskViewController.h */ = {isa = PBXFileReference; fileEncoding = 4; lastKnownFileType = sourcecode.c.h; path = InTaskViewController.h; sourceTree = "<group>"; };
		85743D5D1A26F79D0011A60F /* InTaskViewController.m */ = {isa = PBXFileReference; fileEncoding = 4; lastKnownFileType = sourcecode.c.objc; path = InTaskViewController.m; sourceTree = "<group>"; };
		857E28B01A3502EA00CA88FB /* Images.xcassets */ = {isa = PBXFileReference; lastKnownFileType = folder.assetcatalog; path = Images.xcassets; sourceTree = "<group>"; };
		85D031361A210A79005F5D43 /* MegaGTD.app */ = {isa = PBXFileReference; explicitFileType = wrapper.application; includeInIndex = 0; path = MegaGTD.app; sourceTree = BUILT_PRODUCTS_DIR; };
		85D0313A1A210A7A005F5D43 /* Info.plist */ = {isa = PBXFileReference; lastKnownFileType = text.plist.xml; path = Info.plist; sourceTree = "<group>"; };
		85D0313B1A210A7A005F5D43 /* main.m */ = {isa = PBXFileReference; lastKnownFileType = sourcecode.c.objc; path = main.m; sourceTree = "<group>"; };
		85D0313D1A210A7A005F5D43 /* AppDelegate.h */ = {isa = PBXFileReference; lastKnownFileType = sourcecode.c.h; path = AppDelegate.h; sourceTree = "<group>"; };
		85D0313E1A210A7A005F5D43 /* AppDelegate.m */ = {isa = PBXFileReference; lastKnownFileType = sourcecode.c.objc; path = AppDelegate.m; sourceTree = "<group>"; };
		85D031401A210A7A005F5D43 /* MasterViewController.h */ = {isa = PBXFileReference; lastKnownFileType = sourcecode.c.h; path = MasterViewController.h; sourceTree = "<group>"; };
		85D031411A210A7A005F5D43 /* MasterViewController.m */ = {isa = PBXFileReference; lastKnownFileType = sourcecode.c.objc; path = MasterViewController.m; sourceTree = "<group>"; };
		85D031431A210A7A005F5D43 /* DetailViewController.h */ = {isa = PBXFileReference; lastKnownFileType = sourcecode.c.h; path = DetailViewController.h; sourceTree = "<group>"; };
		85D031441A210A7A005F5D43 /* DetailViewController.m */ = {isa = PBXFileReference; lastKnownFileType = sourcecode.c.objc; path = DetailViewController.m; sourceTree = "<group>"; };
		85D031471A210A7A005F5D43 /* Base */ = {isa = PBXFileReference; lastKnownFileType = file.storyboard; name = Base; path = Base.lproj/Main.storyboard; sourceTree = "<group>"; };
		85D0314C1A210A7A005F5D43 /* Base */ = {isa = PBXFileReference; lastKnownFileType = file.xib; name = Base; path = Base.lproj/LaunchScreen.xib; sourceTree = "<group>"; };
		85D031521A210A7A005F5D43 /* MegaGTDTests.xctest */ = {isa = PBXFileReference; explicitFileType = wrapper.cfbundle; includeInIndex = 0; path = MegaGTDTests.xctest; sourceTree = BUILT_PRODUCTS_DIR; };
		85D031571A210A7A005F5D43 /* Info.plist */ = {isa = PBXFileReference; lastKnownFileType = text.plist.xml; path = Info.plist; sourceTree = "<group>"; };
		85D031581A210A7A005F5D43 /* MegaGTDTests.m */ = {isa = PBXFileReference; lastKnownFileType = sourcecode.c.objc; path = MegaGTDTests.m; sourceTree = "<group>"; };
		85FE05CC1A30B66800BFC79B /* Task.xcdatamodel */ = {isa = PBXFileReference; lastKnownFileType = wrapper.xcdatamodel; path = Task.xcdatamodel; sourceTree = "<group>"; };
		85FE05CE1A30B79F00BFC79B /* Task.h */ = {isa = PBXFileReference; fileEncoding = 4; lastKnownFileType = sourcecode.c.h; path = Task.h; sourceTree = "<group>"; };
		85FE05CF1A30B79F00BFC79B /* Task.m */ = {isa = PBXFileReference; fileEncoding = 4; lastKnownFileType = sourcecode.c.objc; path = Task.m; sourceTree = "<group>"; };
/* End PBXFileReference section */

/* Begin PBXFrameworksBuildPhase section */
		85D031331A210A79005F5D43 /* Frameworks */ = {
			isa = PBXFrameworksBuildPhase;
			buildActionMask = 2147483647;
			files = (
			);
			runOnlyForDeploymentPostprocessing = 0;
		};
		85D0314F1A210A7A005F5D43 /* Frameworks */ = {
			isa = PBXFrameworksBuildPhase;
			buildActionMask = 2147483647;
			files = (
			);
			runOnlyForDeploymentPostprocessing = 0;
		};
/* End PBXFrameworksBuildPhase section */

/* Begin PBXGroup section */
		85D0312D1A210A79005F5D43 = {
			isa = PBXGroup;
			children = (
				85D031381A210A79005F5D43 /* MegaGTD */,
				85D031551A210A7A005F5D43 /* MegaGTDTests */,
				85D031371A210A79005F5D43 /* Products */,
			);
			sourceTree = "<group>";
		};
		85D031371A210A79005F5D43 /* Products */ = {
			isa = PBXGroup;
			children = (
				85D031361A210A79005F5D43 /* MegaGTD.app */,
				85D031521A210A7A005F5D43 /* MegaGTDTests.xctest */,
			);
			name = Products;
			sourceTree = "<group>";
		};
		85D031381A210A79005F5D43 /* MegaGTD */ = {
			isa = PBXGroup;
			children = (
				85D0313D1A210A7A005F5D43 /* AppDelegate.h */,
				85D0313E1A210A7A005F5D43 /* AppDelegate.m */,
				85D031401A210A7A005F5D43 /* MasterViewController.h */,
				85D031411A210A7A005F5D43 /* MasterViewController.m */,
				85FE05CB1A30B66800BFC79B /* Task.xcdatamodeld */,
				85FE05CE1A30B79F00BFC79B /* Task.h */,
				85FE05CF1A30B79F00BFC79B /* Task.m */,
				85743D5C1A26F79D0011A60F /* InTaskViewController.h */,
				85743D5D1A26F79D0011A60F /* InTaskViewController.m */,
				85D031431A210A7A005F5D43 /* DetailViewController.h */,
				85D031441A210A7A005F5D43 /* DetailViewController.m */,
				85D031461A210A7A005F5D43 /* Main.storyboard */,
				85D0314B1A210A7A005F5D43 /* LaunchScreen.xib */,
				857E28B01A3502EA00CA88FB /* Images.xcassets */,
				85D031391A210A7A005F5D43 /* Supporting Files */,
			);
			path = MegaGTD;
			sourceTree = "<group>";
		};
		85D031391A210A7A005F5D43 /* Supporting Files */ = {
			isa = PBXGroup;
			children = (
				85D0313A1A210A7A005F5D43 /* Info.plist */,
				85D0313B1A210A7A005F5D43 /* main.m */,
			);
			name = "Supporting Files";
			sourceTree = "<group>";
		};
		85D031551A210A7A005F5D43 /* MegaGTDTests */ = {
			isa = PBXGroup;
			children = (
				85D031581A210A7A005F5D43 /* MegaGTDTests.m */,
				85D031561A210A7A005F5D43 /* Supporting Files */,
			);
			path = MegaGTDTests;
			sourceTree = "<group>";
		};
		85D031561A210A7A005F5D43 /* Supporting Files */ = {
			isa = PBXGroup;
			children = (
				85D031571A210A7A005F5D43 /* Info.plist */,
			);
			name = "Supporting Files";
			sourceTree = "<group>";
		};
/* End PBXGroup section */

/* Begin PBXNativeTarget section */
		85D031351A210A79005F5D43 /* MegaGTD */ = {
			isa = PBXNativeTarget;
			buildConfigurationList = 85D0315C1A210A7A005F5D43 /* Build configuration list for PBXNativeTarget "MegaGTD" */;
			buildPhases = (
				85D031321A210A79005F5D43 /* Sources */,
				85D031331A210A79005F5D43 /* Frameworks */,
				85D031341A210A79005F5D43 /* Resources */,
			);
			buildRules = (
			);
			dependencies = (
			);
			name = MegaGTD;
			productName = MegaGTD;
			productReference = 85D031361A210A79005F5D43 /* MegaGTD.app */;
			productType = "com.apple.product-type.application";
		};
		85D031511A210A7A005F5D43 /* MegaGTDTests */ = {
			isa = PBXNativeTarget;
			buildConfigurationList = 85D0315F1A210A7A005F5D43 /* Build configuration list for PBXNativeTarget "MegaGTDTests" */;
			buildPhases = (
				85D0314E1A210A7A005F5D43 /* Sources */,
				85D0314F1A210A7A005F5D43 /* Frameworks */,
				85D031501A210A7A005F5D43 /* Resources */,
			);
			buildRules = (
			);
			dependencies = (
				85D031541A210A7A005F5D43 /* PBXTargetDependency */,
			);
			name = MegaGTDTests;
			productName = MegaGTDTests;
			productReference = 85D031521A210A7A005F5D43 /* MegaGTDTests.xctest */;
			productType = "com.apple.product-type.bundle.unit-test";
		};
/* End PBXNativeTarget section */

/* Begin PBXProject section */
		85D0312E1A210A79005F5D43 /* Project object */ = {
			isa = PBXProject;
			attributes = {
				LastUpgradeCheck = 0610;
				ORGANIZATIONNAME = "Karan Singh";
				TargetAttributes = {
					85D031351A210A79005F5D43 = {
						CreatedOnToolsVersion = 6.1;
					};
					85D031511A210A7A005F5D43 = {
						CreatedOnToolsVersion = 6.1;
						TestTargetID = 85D031351A210A79005F5D43;
					};
				};
			};
			buildConfigurationList = 85D031311A210A79005F5D43 /* Build configuration list for PBXProject "MegaGTD" */;
			compatibilityVersion = "Xcode 3.2";
			developmentRegion = English;
			hasScannedForEncodings = 0;
			knownRegions = (
				en,
				Base,
			);
			mainGroup = 85D0312D1A210A79005F5D43;
			productRefGroup = 85D031371A210A79005F5D43 /* Products */;
			projectDirPath = "";
			projectRoot = "";
			targets = (
				85D031351A210A79005F5D43 /* MegaGTD */,
				85D031511A210A7A005F5D43 /* MegaGTDTests */,
			);
		};
/* End PBXProject section */

/* Begin PBXResourcesBuildPhase section */
		85D031341A210A79005F5D43 /* Resources */ = {
			isa = PBXResourcesBuildPhase;
			buildActionMask = 2147483647;
			files = (
				857E28B11A3502EA00CA88FB /* Images.xcassets in Resources */,
				85D031481A210A7A005F5D43 /* Main.storyboard in Resources */,
				85D0314D1A210A7A005F5D43 /* LaunchScreen.xib in Resources */,
			);
			runOnlyForDeploymentPostprocessing = 0;
		};
		85D031501A210A7A005F5D43 /* Resources */ = {
			isa = PBXResourcesBuildPhase;
			buildActionMask = 2147483647;
			files = (
			);
			runOnlyForDeploymentPostprocessing = 0;
		};
/* End PBXResourcesBuildPhase section */

/* Begin PBXSourcesBuildPhase section */
		85D031321A210A79005F5D43 /* Sources */ = {
			isa = PBXSourcesBuildPhase;
			buildActionMask = 2147483647;
			files = (
				85FE05D01A30B79F00BFC79B /* Task.m in Sources */,
				85FE05CD1A30B66800BFC79B /* Task.xcdatamodeld in Sources */,
				85743D5E1A26F79D0011A60F /* InTaskViewController.m in Sources */,
				85D0313F1A210A7A005F5D43 /* AppDelegate.m in Sources */,
				85D031421A210A7A005F5D43 /* MasterViewController.m in Sources */,
				85D0313C1A210A7A005F5D43 /* main.m in Sources */,
				85D031451A210A7A005F5D43 /* DetailViewController.m in Sources */,
			);
			runOnlyForDeploymentPostprocessing = 0;
		};
		85D0314E1A210A7A005F5D43 /* Sources */ = {
			isa = PBXSourcesBuildPhase;
			buildActionMask = 2147483647;
			files = (
				85D031591A210A7A005F5D43 /* MegaGTDTests.m in Sources */,
			);
			runOnlyForDeploymentPostprocessing = 0;
		};
/* End PBXSourcesBuildPhase section */

/* Begin PBXTargetDependency section */
		85D031541A210A7A005F5D43 /* PBXTargetDependency */ = {
			isa = PBXTargetDependency;
			target = 85D031351A210A79005F5D43 /* MegaGTD */;
			targetProxy = 85D031531A210A7A005F5D43 /* PBXContainerItemProxy */;
		};
/* End PBXTargetDependency section */

/* Begin PBXVariantGroup section */
		85D031461A210A7A005F5D43 /* Main.storyboard */ = {
			isa = PBXVariantGroup;
			children = (
				85D031471A210A7A005F5D43 /* Base */,
			);
			name = Main.storyboard;
			sourceTree = "<group>";
		};
		85D0314B1A210A7A005F5D43 /* LaunchScreen.xib */ = {
			isa = PBXVariantGroup;
			children = (
				85D0314C1A210A7A005F5D43 /* Base */,
			);
			name = LaunchScreen.xib;
			sourceTree = "<group>";
		};
/* End PBXVariantGroup section */

/* Begin XCBuildConfiguration section */
		85D0315A1A210A7A005F5D43 /* Debug */ = {
			isa = XCBuildConfiguration;
			buildSettings = {
				ALWAYS_SEARCH_USER_PATHS = NO;
				CLANG_CXX_LANGUAGE_STANDARD = "gnu++0x";
				CLANG_CXX_LIBRARY = "libc++";
				CLANG_ENABLE_MODULES = YES;
				CLANG_ENABLE_OBJC_ARC = YES;
				CLANG_WARN_BOOL_CONVERSION = YES;
				CLANG_WARN_CONSTANT_CONVERSION = YES;
				CLANG_WARN_DIRECT_OBJC_ISA_USAGE = YES_ERROR;
				CLANG_WARN_EMPTY_BODY = YES;
				CLANG_WARN_ENUM_CONVERSION = YES;
				CLANG_WARN_INT_CONVERSION = YES;
				CLANG_WARN_OBJC_ROOT_CLASS = YES_ERROR;
				CLANG_WARN_UNREACHABLE_CODE = YES;
				CLANG_WARN__DUPLICATE_METHOD_MATCH = YES;
				"CODE_SIGN_IDENTITY[sdk=iphoneos*]" = "iPhone Developer";
				COPY_PHASE_STRIP = NO;
				ENABLE_STRICT_OBJC_MSGSEND = YES;
				GCC_C_LANGUAGE_STANDARD = gnu99;
				GCC_DYNAMIC_NO_PIC = NO;
				GCC_OPTIMIZATION_LEVEL = 0;
				GCC_PREPROCESSOR_DEFINITIONS = (
					"DEBUG=1",
					"$(inherited)",
				);
				GCC_SYMBOLS_PRIVATE_EXTERN = NO;
				GCC_WARN_64_TO_32_BIT_CONVERSION = YES;
				GCC_WARN_ABOUT_RETURN_TYPE = YES_ERROR;
				GCC_WARN_UNDECLARED_SELECTOR = YES;
				GCC_WARN_UNINITIALIZED_AUTOS = YES_AGGRESSIVE;
				GCC_WARN_UNUSED_FUNCTION = YES;
				GCC_WARN_UNUSED_VARIABLE = YES;
				IPHONEOS_DEPLOYMENT_TARGET = 8.1;
				MTL_ENABLE_DEBUG_INFO = YES;
				ONLY_ACTIVE_ARCH = YES;
				SDKROOT = iphoneos;
				TARGETED_DEVICE_FAMILY = "1,2";
			};
			name = Debug;
		};
		85D0315B1A210A7A005F5D43 /* Release */ = {
			isa = XCBuildConfiguration;
			buildSettings = {
				ALWAYS_SEARCH_USER_PATHS = NO;
				CLANG_CXX_LANGUAGE_STANDARD = "gnu++0x";
				CLANG_CXX_LIBRARY = "libc++";
				CLANG_ENABLE_MODULES = YES;
				CLANG_ENABLE_OBJC_ARC = YES;
				CLANG_WARN_BOOL_CONVERSION = YES;
				CLANG_WARN_CONSTANT_CONVERSION = YES;
				CLANG_WARN_DIRECT_OBJC_ISA_USAGE = YES_ERROR;
				CLANG_WARN_EMPTY_BODY = YES;
				CLANG_WARN_ENUM_CONVERSION = YES;
				CLANG_WARN_INT_CONVERSION = YES;
				CLANG_WARN_OBJC_ROOT_CLASS = YES_ERROR;
				CLANG_WARN_UNREACHABLE_CODE = YES;
				CLANG_WARN__DUPLICATE_METHOD_MATCH = YES;
				"CODE_SIGN_IDENTITY[sdk=iphoneos*]" = "iPhone Developer";
				COPY_PHASE_STRIP = YES;
				ENABLE_NS_ASSERTIONS = NO;
				ENABLE_STRICT_OBJC_MSGSEND = YES;
				GCC_C_LANGUAGE_STANDARD = gnu99;
				GCC_WARN_64_TO_32_BIT_CONVERSION = YES;
				GCC_WARN_ABOUT_RETURN_TYPE = YES_ERROR;
				GCC_WARN_UNDECLARED_SELECTOR = YES;
				GCC_WARN_UNINITIALIZED_AUTOS = YES_AGGRESSIVE;
				GCC_WARN_UNUSED_FUNCTION = YES;
				GCC_WARN_UNUSED_VARIABLE = YES;
				IPHONEOS_DEPLOYMENT_TARGET = 8.1;
				MTL_ENABLE_DEBUG_INFO = NO;
				SDKROOT = iphoneos;
				TARGETED_DEVICE_FAMILY = "1,2";
				VALIDATE_PRODUCT = YES;
			};
			name = Release;
		};
		85D0315D1A210A7A005F5D43 /* Debug */ = {
			isa = XCBuildConfiguration;
			buildSettings = {
				ASSETCATALOG_COMPILER_APPICON_NAME = AppIcon;
				INFOPLIST_FILE = MegaGTD/Info.plist;
				IPHONEOS_DEPLOYMENT_TARGET = 8.0;
				LD_RUNPATH_SEARCH_PATHS = "$(inherited) @executable_path/Frameworks";
				PRODUCT_NAME = "$(TARGET_NAME)";
				TARGETED_DEVICE_FAMILY = 1;
			};
			name = Debug;
		};
		85D0315E1A210A7A005F5D43 /* Release */ = {
			isa = XCBuildConfiguration;
			buildSettings = {
				ASSETCATALOG_COMPILER_APPICON_NAME = AppIcon;
				INFOPLIST_FILE = MegaGTD/Info.plist;
				IPHONEOS_DEPLOYMENT_TARGET = 8.0;
				LD_RUNPATH_SEARCH_PATHS = "$(inherited) @executable_path/Frameworks";
				PRODUCT_NAME = "$(TARGET_NAME)";
				TARGETED_DEVICE_FAMILY = 1;
			};
			name = Release;
		};
		85D031601A210A7A005F5D43 /* Debug */ = {
			isa = XCBuildConfiguration;
			buildSettings = {
				BUNDLE_LOADER = "$(TEST_HOST)";
				FRAMEWORK_SEARCH_PATHS = (
					"$(SDKROOT)/Developer/Library/Frameworks",
					"$(inherited)",
				);
				GCC_PREPROCESSOR_DEFINITIONS = (
					"DEBUG=1",
					"$(inherited)",
				);
				INFOPLIST_FILE = MegaGTDTests/Info.plist;
				LD_RUNPATH_SEARCH_PATHS = "$(inherited) @executable_path/Frameworks @loader_path/Frameworks";
				PRODUCT_NAME = "$(TARGET_NAME)";
				TEST_HOST = "$(BUILT_PRODUCTS_DIR)/MegaGTD.app/MegaGTD";
			};
			name = Debug;
		};
		85D031611A210A7A005F5D43 /* Release */ = {
			isa = XCBuildConfiguration;
			buildSettings = {
				BUNDLE_LOADER = "$(TEST_HOST)";
				FRAMEWORK_SEARCH_PATHS = (
					"$(SDKROOT)/Developer/Library/Frameworks",
					"$(inherited)",
				);
				INFOPLIST_FILE = MegaGTDTests/Info.plist;
				LD_RUNPATH_SEARCH_PATHS = "$(inherited) @executable_path/Frameworks @loader_path/Frameworks";
				PRODUCT_NAME = "$(TARGET_NAME)";
				TEST_HOST = "$(BUILT_PRODUCTS_DIR)/MegaGTD.app/MegaGTD";
			};
			name = Release;
		};
/* End XCBuildConfiguration section */

/* Begin XCConfigurationList section */
		85D031311A210A79005F5D43 /* Build configuration list for PBXProject "MegaGTD" */ = {
			isa = XCConfigurationList;
			buildConfigurations = (
				85D0315A1A210A7A005F5D43 /* Debug */,
				85D0315B1A210A7A005F5D43 /* Release */,
			);
			defaultConfigurationIsVisible = 0;
			defaultConfigurationName = Release;
		};
		85D0315C1A210A7A005F5D43 /* Build configuration list for PBXNativeTarget "MegaGTD" */ = {
			isa = XCConfigurationList;
			buildConfigurations = (
				85D0315D1A210A7A005F5D43 /* Debug */,
				85D0315E1A210A7A005F5D43 /* Release */,
			);
			defaultConfigurationIsVisible = 0;
			defaultConfigurationName = Release;
		};
		85D0315F1A210A7A005F5D43 /* Build configuration list for PBXNativeTarget "MegaGTDTests" */ = {
			isa = XCConfigurationList;
			buildConfigurations = (
				85D031601A210A7A005F5D43 /* Debug */,
				85D031611A210A7A005F5D43 /* Release */,
			);
			defaultConfigurationIsVisible = 0;
			defaultConfigurationName = Release;
		};
/* End XCConfigurationList section */

/* Begin XCVersionGroup section */
		85FE05CB1A30B66800BFC79B /* Task.xcdatamodeld */ = {
			isa = XCVersionGroup;
			children = (
				85FE05CC1A30B66800BFC79B /* Task.xcdatamodel */,
			);
			currentVersion = 85FE05CC1A30B66800BFC79B /* Task.xcdatamodel */;
			path = Task.xcdatamodeld;
			sourceTree = "<group>";
			versionGroupType = wrapper.xcdatamodel;
		};
/* End XCVersionGroup section */
	};
	rootObject = 85D0312E1A210A79005F5D43 /* Project object */;
}
